
Microsoft Visual Studio Solution File, Format Version 12.00
# Visual Studio 2012
Project("{FAE04EC0-301F-11D3-BF4B-00C04F79EFBC}") = "AnalizadorLex", "AnalizadorLex\AnalizadorLex.csproj", "{24DA9329-5755-4FA8-9584-BA1FDB41305F}"
EndProject
Global
	GlobalSection(SolutionConfigurationPlatforms) = preSolution
		Debug|Any CPU = Debug|Any CPU
		Release|Any CPU = Release|Any CPU
	EndGlobalSection
	GlobalSection(ProjectConfigurationPlatforms) = postSolution
		{24DA9329-5755-4FA8-9584-BA1FDB41305F}.Debug|Any CPU.ActiveCfg = Debug|Any CPU
		{24DA9329-5755-4FA8-9584-BA1FDB41305F}.Debug|Any CPU.Build.0 = Debug|Any CPU
		{24DA9329-5755-4FA8-9584-BA1FDB41305F}.Release|Any CPU.ActiveCfg = Release|Any CPU
		{24DA9329-5755-4FA8-9584-BA1FDB41305F}.Release|Any CPU.Build.0 = Release|Any CPU
	EndGlobalSection
	GlobalSection(SolutionProperties) = preSolution
		HideSolutionNode = FALSE
	EndGlobalSection
EndGlobal
